
Microsoft Visual Studio Solution File, Format Version 12.00
# Visual Studio Version 17
VisualStudioVersion = 17.0.32112.339
MinimumVisualStudioVersion = 10.0.40219.1
Project("{FAE04EC0-301F-11D3-BF4B-00C04F79EFBC}") = "ConsoleApp1", "ConsoleApp1\ConsoleApp1.csproj", "{B402A9FA-372E-470F-BE99-6F7E1E9D3FF5}"
EndProject
Global
	GlobalSection(SolutionConfigurationPlatforms) = preSolution
		Debug|Any CPU = Debug|Any CPU
		Release|Any CPU = Release|Any CPU
	EndGlobalSection
	GlobalSection(ProjectConfigurationPlatforms) = postSolution
		{B402A9FA-372E-470F-BE99-6F7E1E9D3FF5}.Debug|Any CPU.ActiveCfg = Debug|Any CPU
		{B402A9FA-372E-470F-BE99-6F7E1E9D3FF5}.Debug|Any CPU.Build.0 = Debug|Any CPU
		{B402A9FA-372E-470F-BE99-6F7E1E9D3FF5}.Release|Any CPU.ActiveCfg = Release|Any CPU
		{B402A9FA-372E-470F-BE99-6F7E1E9D3FF5}.Release|Any CPU.Build.0 = Release|Any CPU
	EndGlobalSection
	GlobalSection(SolutionProperties) = preSolution
		HideSolutionNode = FALSE
	EndGlobalSection
	GlobalSection(ExtensibilityGlobals) = postSolution
		SolutionGuid = {BA59751C-2EB4-4EC9-938F-A24A03A2BFAC}
	EndGlobalSection
EndGlobal
